// !$*UTF8*$!
{
	archiveVersion = 1;
	classes = {
	};
	objectVersion = 52;
	objects = {

/* Begin PBXBuildFile section */
		290881A822B365C20084BA1B /* BrickLinkAPIClient+Auth.swift in Sources */ = {isa = PBXBuildFile; fileRef = 290881A722B365C20084BA1B /* BrickLinkAPIClient+Auth.swift */; };
		290F75E822AD63E3007B74BD /* AppDelegate.swift in Sources */ = {isa = PBXBuildFile; fileRef = 290F75E722AD63E3007B74BD /* AppDelegate.swift */; };
		290F75EA22AD63E3007B74BD /* SceneDelegate.swift in Sources */ = {isa = PBXBuildFile; fileRef = 290F75E922AD63E3007B74BD /* SceneDelegate.swift */; };
		290F75EC22AD63E3007B74BD /* OrdersListView.swift in Sources */ = {isa = PBXBuildFile; fileRef = 290F75EB22AD63E3007B74BD /* OrdersListView.swift */; };
		290F75EE22AD63E7007B74BD /* Assets.xcassets in Resources */ = {isa = PBXBuildFile; fileRef = 290F75ED22AD63E7007B74BD /* Assets.xcassets */; };
		290F75F122AD63E7007B74BD /* Preview Assets.xcassets in Resources */ = {isa = PBXBuildFile; fileRef = 290F75F022AD63E7007B74BD /* Preview Assets.xcassets */; };
		290F75F422AD63E7007B74BD /* LaunchScreen.storyboard in Resources */ = {isa = PBXBuildFile; fileRef = 290F75F222AD63E7007B74BD /* LaunchScreen.storyboard */; };
		290F75FD22AD66CF007B74BD /* CryptoSwift in Frameworks */ = {isa = PBXBuildFile; productRef = 290F75FC22AD66CF007B74BD /* CryptoSwift */; };
		2915707722B57A5400557C9E /* OrdersStore.swift in Sources */ = {isa = PBXBuildFile; fileRef = 2915707622B57A5400557C9E /* OrdersStore.swift */; };
		2915707B22B583FC00557C9E /* MainView.swift in Sources */ = {isa = PBXBuildFile; fileRef = 2915707A22B583FC00557C9E /* MainView.swift */; };
		292C91C622BB4DBF00CEBAF9 /* BrickLinkColor.swift in Sources */ = {isa = PBXBuildFile; fileRef = 292C91C522BB4DBF00CEBAF9 /* BrickLinkColor.swift */; };
		292C91C822BC9E0600CEBAF9 /* ColorsStore.swift in Sources */ = {isa = PBXBuildFile; fileRef = 292C91C722BC9E0600CEBAF9 /* ColorsStore.swift */; };
		2963B97A22B3F78A00E03F35 /* BrickLinkCredentials.plist in Resources */ = {isa = PBXBuildFile; fileRef = 2963B97922B3F78A00E03F35 /* BrickLinkCredentials.plist */; };
		299EA70922BE33AE00DD1F9C /* colors.json in Resources */ = {isa = PBXBuildFile; fileRef = 299EA70822BE33AE00DD1F9C /* colors.json */; };
		29A7C04322B761C90079EAA8 /* PriceGuide.swift in Sources */ = {isa = PBXBuildFile; fileRef = 29A7C04222B761C90079EAA8 /* PriceGuide.swift */; };
		29BDA2FD22B4324E004B62A0 /* APIResponse.swift in Sources */ = {isa = PBXBuildFile; fileRef = 29BDA2FC22B4324E004B62A0 /* APIResponse.swift */; };
		29C2F0F122B52C01008FB0F8 /* Order.swift in Sources */ = {isa = PBXBuildFile; fileRef = 29C2F0F022B52C01008FB0F8 /* Order.swift */; };
		29C2F0F322B52C2D008FB0F8 /* Inventory.swift in Sources */ = {isa = PBXBuildFile; fileRef = 29C2F0F222B52C2D008FB0F8 /* Inventory.swift */; };
		29C2F0F622B5398D008FB0F8 /* AppController.swift in Sources */ = {isa = PBXBuildFile; fileRef = 29C2F0F522B5398D008FB0F8 /* AppController.swift */; };
		29C2F0F822B53B88008FB0F8 /* CreateInventoryView.swift in Sources */ = {isa = PBXBuildFile; fileRef = 29C2F0F722B53B88008FB0F8 /* CreateInventoryView.swift */; };
		29D5513122AD756E0069BE9C /* BrickLinkAPIClient.swift in Sources */ = {isa = PBXBuildFile; fileRef = 29D5513022AD756E0069BE9C /* BrickLinkAPIClient.swift */; };
		29EAF43B22B408DA00CABFF6 /* orders.json in Resources */ = {isa = PBXBuildFile; fileRef = 29EAF43A22B408DA00CABFF6 /* orders.json */; };
		29EAF44022B42CD200CABFF6 /* data.swift in Sources */ = {isa = PBXBuildFile; fileRef = 29EAF43F22B42CD200CABFF6 /* data.swift */; };
		29EAF44222B42FA000CABFF6 /* OrderRowView.swift in Sources */ = {isa = PBXBuildFile; fileRef = 29EAF44122B42FA000CABFF6 /* OrderRowView.swift */; };
		29F405CF22AD9B6B00CCA0E1 /* BrickLinkRequestCredentials.swift in Sources */ = {isa = PBXBuildFile; fileRef = 29F405CE22AD9B6B00CCA0E1 /* BrickLinkRequestCredentials.swift */; };
/* End PBXBuildFile section */

/* Begin PBXFileReference section */
		290881A722B365C20084BA1B /* BrickLinkAPIClient+Auth.swift */ = {isa = PBXFileReference; lastKnownFileType = sourcecode.swift; path = "BrickLinkAPIClient+Auth.swift"; sourceTree = "<group>"; };
		290F75E422AD63E3007B74BD /* BrickLinkApp2.app */ = {isa = PBXFileReference; explicitFileType = wrapper.application; includeInIndex = 0; path = BrickLinkApp2.app; sourceTree = BUILT_PRODUCTS_DIR; };
		290F75E722AD63E3007B74BD /* AppDelegate.swift */ = {isa = PBXFileReference; lastKnownFileType = sourcecode.swift; path = AppDelegate.swift; sourceTree = "<group>"; };
		290F75E922AD63E3007B74BD /* SceneDelegate.swift */ = {isa = PBXFileReference; lastKnownFileType = sourcecode.swift; path = SceneDelegate.swift; sourceTree = "<group>"; };
		290F75EB22AD63E3007B74BD /* OrdersListView.swift */ = {isa = PBXFileReference; lastKnownFileType = sourcecode.swift; path = OrdersListView.swift; sourceTree = "<group>"; };
		290F75ED22AD63E7007B74BD /* Assets.xcassets */ = {isa = PBXFileReference; lastKnownFileType = folder.assetcatalog; path = Assets.xcassets; sourceTree = "<group>"; };
		290F75F022AD63E7007B74BD /* Preview Assets.xcassets */ = {isa = PBXFileReference; lastKnownFileType = folder.assetcatalog; path = "Preview Assets.xcassets"; sourceTree = "<group>"; };
		290F75F322AD63E7007B74BD /* Base */ = {isa = PBXFileReference; lastKnownFileType = file.storyboard; name = Base; path = Base.lproj/LaunchScreen.storyboard; sourceTree = "<group>"; };
		290F75F522AD63E7007B74BD /* Info.plist */ = {isa = PBXFileReference; lastKnownFileType = text.plist.xml; path = Info.plist; sourceTree = "<group>"; };
		290F75FE22AD66E4007B74BD /* BrickLinkApp2.entitlements */ = {isa = PBXFileReference; lastKnownFileType = text.plist.entitlements; path = BrickLinkApp2.entitlements; sourceTree = "<group>"; };
		2915707622B57A5400557C9E /* OrdersStore.swift */ = {isa = PBXFileReference; lastKnownFileType = sourcecode.swift; path = OrdersStore.swift; sourceTree = "<group>"; };
		2915707A22B583FC00557C9E /* MainView.swift */ = {isa = PBXFileReference; lastKnownFileType = sourcecode.swift; path = MainView.swift; sourceTree = "<group>"; };
		292C91C522BB4DBF00CEBAF9 /* BrickLinkColor.swift */ = {isa = PBXFileReference; lastKnownFileType = sourcecode.swift; path = BrickLinkColor.swift; sourceTree = "<group>"; };
		292C91C722BC9E0600CEBAF9 /* ColorsStore.swift */ = {isa = PBXFileReference; fileEncoding = 4; lastKnownFileType = sourcecode.swift; path = ColorsStore.swift; sourceTree = "<group>"; };
		2963B97922B3F78A00E03F35 /* BrickLinkCredentials.plist */ = {isa = PBXFileReference; lastKnownFileType = text.plist.xml; path = BrickLinkCredentials.plist; sourceTree = "<group>"; };
		2963B97D22B3FB2700E03F35 /* BricklinkModels.playground */ = {isa = PBXFileReference; lastKnownFileType = file.playground; path = BricklinkModels.playground; sourceTree = "<group>"; xcLanguageSpecificationIdentifier = xcode.lang.swift; };
		299EA70822BE33AE00DD1F9C /* colors.json */ = {isa = PBXFileReference; lastKnownFileType = text.json; path = colors.json; sourceTree = "<group>"; };
		29A7C04222B761C90079EAA8 /* PriceGuide.swift */ = {isa = PBXFileReference; lastKnownFileType = sourcecode.swift; path = PriceGuide.swift; sourceTree = "<group>"; };
		29BDA2FC22B4324E004B62A0 /* APIResponse.swift */ = {isa = PBXFileReference; lastKnownFileType = sourcecode.swift; path = APIResponse.swift; sourceTree = "<group>"; };
		29C2F0F022B52C01008FB0F8 /* Order.swift */ = {isa = PBXFileReference; lastKnownFileType = sourcecode.swift; path = Order.swift; sourceTree = "<group>"; };
		29C2F0F222B52C2D008FB0F8 /* Inventory.swift */ = {isa = PBXFileReference; lastKnownFileType = sourcecode.swift; path = Inventory.swift; sourceTree = "<group>"; };
		29C2F0F522B5398D008FB0F8 /* AppController.swift */ = {isa = PBXFileReference; lastKnownFileType = sourcecode.swift; path = AppController.swift; sourceTree = "<group>"; };
		29C2F0F722B53B88008FB0F8 /* CreateInventoryView.swift */ = {isa = PBXFileReference; lastKnownFileType = sourcecode.swift; path = CreateInventoryView.swift; sourceTree = "<group>"; };
		29D5513022AD756E0069BE9C /* BrickLinkAPIClient.swift */ = {isa = PBXFileReference; lastKnownFileType = sourcecode.swift; path = BrickLinkAPIClient.swift; sourceTree = "<group>"; };
		29EAF43A22B408DA00CABFF6 /* orders.json */ = {isa = PBXFileReference; fileEncoding = 4; lastKnownFileType = text.json; path = orders.json; sourceTree = "<group>"; };
		29EAF43F22B42CD200CABFF6 /* data.swift */ = {isa = PBXFileReference; lastKnownFileType = sourcecode.swift; path = data.swift; sourceTree = "<group>"; };
		29EAF44122B42FA000CABFF6 /* OrderRowView.swift */ = {isa = PBXFileReference; lastKnownFileType = sourcecode.swift; path = OrderRowView.swift; sourceTree = "<group>"; };
		29F405CE22AD9B6B00CCA0E1 /* BrickLinkRequestCredentials.swift */ = {isa = PBXFileReference; lastKnownFileType = sourcecode.swift; path = BrickLinkRequestCredentials.swift; sourceTree = "<group>"; };
/* End PBXFileReference section */

/* Begin PBXFrameworksBuildPhase section */
		290F75E122AD63E3007B74BD /* Frameworks */ = {
			isa = PBXFrameworksBuildPhase;
			buildActionMask = 2147483647;
			files = (
				290F75FD22AD66CF007B74BD /* CryptoSwift in Frameworks */,
			);
			runOnlyForDeploymentPostprocessing = 0;
		};
/* End PBXFrameworksBuildPhase section */

/* Begin PBXGroup section */
		290881A622B363A20084BA1B /* BrickLink */ = {
			isa = PBXGroup;
			children = (
				29D5513022AD756E0069BE9C /* BrickLinkAPIClient.swift */,
				290881A722B365C20084BA1B /* BrickLinkAPIClient+Auth.swift */,
				29F405CE22AD9B6B00CCA0E1 /* BrickLinkRequestCredentials.swift */,
				29C2F0EF22B52BE2008FB0F8 /* Models */,
			);
			path = BrickLink;
			sourceTree = "<group>";
		};
		290F75DB22AD63E3007B74BD = {
			isa = PBXGroup;
			children = (
				2963B97D22B3FB2700E03F35 /* BricklinkModels.playground */,
				290F75E622AD63E3007B74BD /* BrickLinkApp2 */,
				290F75E522AD63E3007B74BD /* Products */,
			);
			sourceTree = "<group>";
		};
		290F75E522AD63E3007B74BD /* Products */ = {
			isa = PBXGroup;
			children = (
				290F75E422AD63E3007B74BD /* BrickLinkApp2.app */,
			);
			name = Products;
			sourceTree = "<group>";
		};
		290F75E622AD63E3007B74BD /* BrickLinkApp2 */ = {
			isa = PBXGroup;
			children = (
				290F75F522AD63E7007B74BD /* Info.plist */,
				290F75FE22AD66E4007B74BD /* BrickLinkApp2.entitlements */,
				290F75ED22AD63E7007B74BD /* Assets.xcassets */,
				290F75F222AD63E7007B74BD /* LaunchScreen.storyboard */,
				2963B97922B3F78A00E03F35 /* BrickLinkCredentials.plist */,
				2990562F22B6C9E6000FDACC /* Src */,
				290881A622B363A20084BA1B /* BrickLink */,
				290F75EF22AD63E7007B74BD /* Preview Content */,
			);
			path = BrickLinkApp2;
			sourceTree = "<group>";
		};
		290F75EF22AD63E7007B74BD /* Preview Content */ = {
			isa = PBXGroup;
			children = (
				290F75F022AD63E7007B74BD /* Preview Assets.xcassets */,
				299EA70822BE33AE00DD1F9C /* colors.json */,
				29EAF43A22B408DA00CABFF6 /* orders.json */,
				29EAF43F22B42CD200CABFF6 /* data.swift */,
			);
			path = "Preview Content";
			sourceTree = "<group>";
		};
		2990562F22B6C9E6000FDACC /* Src */ = {
			isa = PBXGroup;
			children = (
				290F75E722AD63E3007B74BD /* AppDelegate.swift */,
				290F75E922AD63E3007B74BD /* SceneDelegate.swift */,
				29C2F0F422B5397B008FB0F8 /* Controllers */,
				29EAF43C22B42C4400CABFF6 /* Views */,
			);
			path = Src;
			sourceTree = "<group>";
		};
		29C2F0EF22B52BE2008FB0F8 /* Models */ = {
			isa = PBXGroup;
			children = (
				29BDA2FC22B4324E004B62A0 /* APIResponse.swift */,
				29C2F0F022B52C01008FB0F8 /* Order.swift */,
				29C2F0F222B52C2D008FB0F8 /* Inventory.swift */,
				29A7C04222B761C90079EAA8 /* PriceGuide.swift */,
				292C91C522BB4DBF00CEBAF9 /* BrickLinkColor.swift */,
			);
			path = Models;
			sourceTree = "<group>";
		};
		29C2F0F422B5397B008FB0F8 /* Controllers */ = {
			isa = PBXGroup;
			children = (
				29C2F0F522B5398D008FB0F8 /* AppController.swift */,
				2915707622B57A5400557C9E /* OrdersStore.swift */,
				292C91C722BC9E0600CEBAF9 /* ColorsStore.swift */,
			);
			path = Controllers;
			sourceTree = "<group>";
		};
		29EAF43C22B42C4400CABFF6 /* Views */ = {
			isa = PBXGroup;
			children = (
				2915707A22B583FC00557C9E /* MainView.swift */,
				290F75EB22AD63E3007B74BD /* OrdersListView.swift */,
				29EAF44122B42FA000CABFF6 /* OrderRowView.swift */,
				29C2F0F722B53B88008FB0F8 /* CreateInventoryView.swift */,
			);
			path = Views;
			sourceTree = "<group>";
		};
/* End PBXGroup section */

/* Begin PBXNativeTarget section */
		290F75E322AD63E3007B74BD /* BrickLinkApp2 */ = {
			isa = PBXNativeTarget;
			buildConfigurationList = 290F75F822AD63E7007B74BD /* Build configuration list for PBXNativeTarget "BrickLinkApp2" */;
			buildPhases = (
				290F75E022AD63E3007B74BD /* Sources */,
				290F75E122AD63E3007B74BD /* Frameworks */,
				290F75E222AD63E3007B74BD /* Resources */,
			);
			buildRules = (
			);
			dependencies = (
			);
			name = BrickLinkApp2;
			packageProductDependencies = (
				290F75FC22AD66CF007B74BD /* CryptoSwift */,
			);
			productName = BrickLinkApp2;
			productReference = 290F75E422AD63E3007B74BD /* BrickLinkApp2.app */;
			productType = "com.apple.product-type.application";
		};
/* End PBXNativeTarget section */

/* Begin PBXProject section */
		290F75DC22AD63E3007B74BD /* Project object */ = {
			isa = PBXProject;
			attributes = {
				LastSwiftUpdateCheck = 1100;
				LastUpgradeCheck = 1100;
				ORGANIZATIONNAME = "Alexandre Bintz";
				TargetAttributes = {
					290F75E322AD63E3007B74BD = {
						CreatedOnToolsVersion = 11.0;
					};
				};
			};
			buildConfigurationList = 290F75DF22AD63E3007B74BD /* Build configuration list for PBXProject "BrickLinkApp2" */;
			compatibilityVersion = "Xcode 9.3";
			developmentRegion = en;
			hasScannedForEncodings = 0;
			knownRegions = (
				en,
				Base,
			);
			mainGroup = 290F75DB22AD63E3007B74BD;
			packageReferences = (
				290F75FB22AD66CF007B74BD /* XCRemoteSwiftPackageReference "CryptoSwift" */,
			);
			productRefGroup = 290F75E522AD63E3007B74BD /* Products */;
			projectDirPath = "";
			projectRoot = "";
			targets = (
				290F75E322AD63E3007B74BD /* BrickLinkApp2 */,
			);
		};
/* End PBXProject section */

/* Begin PBXResourcesBuildPhase section */
		290F75E222AD63E3007B74BD /* Resources */ = {
			isa = PBXResourcesBuildPhase;
			buildActionMask = 2147483647;
			files = (
				290F75F422AD63E7007B74BD /* LaunchScreen.storyboard in Resources */,
				290F75F122AD63E7007B74BD /* Preview Assets.xcassets in Resources */,
				290F75EE22AD63E7007B74BD /* Assets.xcassets in Resources */,
				299EA70922BE33AE00DD1F9C /* colors.json in Resources */,
				2963B97A22B3F78A00E03F35 /* BrickLinkCredentials.plist in Resources */,
				29EAF43B22B408DA00CABFF6 /* orders.json in Resources */,
			);
			runOnlyForDeploymentPostprocessing = 0;
		};
/* End PBXResourcesBuildPhase section */

/* Begin PBXSourcesBuildPhase section */
		290F75E022AD63E3007B74BD /* Sources */ = {
			isa = PBXSourcesBuildPhase;
			buildActionMask = 2147483647;
			files = (
				29C2F0F322B52C2D008FB0F8 /* Inventory.swift in Sources */,
				2915707722B57A5400557C9E /* OrdersStore.swift in Sources */,
				29BDA2FD22B4324E004B62A0 /* APIResponse.swift in Sources */,
				29C2F0F622B5398D008FB0F8 /* AppController.swift in Sources */,
				292C91C622BB4DBF00CEBAF9 /* BrickLinkColor.swift in Sources */,
				29F405CF22AD9B6B00CCA0E1 /* BrickLinkRequestCredentials.swift in Sources */,
				290F75E822AD63E3007B74BD /* AppDelegate.swift in Sources */,
				292C91C822BC9E0600CEBAF9 /* ColorsStore.swift in Sources */,
				29D5513122AD756E0069BE9C /* BrickLinkAPIClient.swift in Sources */,
				29C2F0F122B52C01008FB0F8 /* Order.swift in Sources */,
				29C2F0F822B53B88008FB0F8 /* CreateInventoryView.swift in Sources */,
				2915707B22B583FC00557C9E /* MainView.swift in Sources */,
				290F75EA22AD63E3007B74BD /* SceneDelegate.swift in Sources */,
				290881A822B365C20084BA1B /* BrickLinkAPIClient+Auth.swift in Sources */,
				29A7C04322B761C90079EAA8 /* PriceGuide.swift in Sources */,
				29EAF44022B42CD200CABFF6 /* data.swift in Sources */,
				290F75EC22AD63E3007B74BD /* OrdersListView.swift in Sources */,
				29EAF44222B42FA000CABFF6 /* OrderRowView.swift in Sources */,
			);
			runOnlyForDeploymentPostprocessing = 0;
		};
/* End PBXSourcesBuildPhase section */

/* Begin PBXVariantGroup section */
		290F75F222AD63E7007B74BD /* LaunchScreen.storyboard */ = {
			isa = PBXVariantGroup;
			children = (
				290F75F322AD63E7007B74BD /* Base */,
			);
			name = LaunchScreen.storyboard;
			sourceTree = "<group>";
		};
/* End PBXVariantGroup section */

/* Begin XCBuildConfiguration section */
		290F75F622AD63E7007B74BD /* Debug */ = {
			isa = XCBuildConfiguration;
			buildSettings = {
				ALWAYS_SEARCH_USER_PATHS = NO;
				CLANG_ANALYZER_NONNULL = YES;
				CLANG_ANALYZER_NUMBER_OBJECT_CONVERSION = YES_AGGRESSIVE;
				CLANG_CXX_LANGUAGE_STANDARD = "gnu++14";
				CLANG_CXX_LIBRARY = "libc++";
				CLANG_ENABLE_MODULES = YES;
				CLANG_ENABLE_OBJC_ARC = YES;
				CLANG_ENABLE_OBJC_WEAK = YES;
				CLANG_WARN_BLOCK_CAPTURE_AUTORELEASING = YES;
				CLANG_WARN_BOOL_CONVERSION = YES;
				CLANG_WARN_COMMA = YES;
				CLANG_WARN_CONSTANT_CONVERSION = YES;
				CLANG_WARN_DEPRECATED_OBJC_IMPLEMENTATIONS = YES;
				CLANG_WARN_DIRECT_OBJC_ISA_USAGE = YES_ERROR;
				CLANG_WARN_DOCUMENTATION_COMMENTS = YES;
				CLANG_WARN_EMPTY_BODY = YES;
				CLANG_WARN_ENUM_CONVERSION = YES;
				CLANG_WARN_INFINITE_RECURSION = YES;
				CLANG_WARN_INT_CONVERSION = YES;
				CLANG_WARN_NON_LITERAL_NULL_CONVERSION = YES;
				CLANG_WARN_OBJC_IMPLICIT_RETAIN_SELF = YES;
				CLANG_WARN_OBJC_LITERAL_CONVERSION = YES;
				CLANG_WARN_OBJC_ROOT_CLASS = YES_ERROR;
				CLANG_WARN_RANGE_LOOP_ANALYSIS = YES;
				CLANG_WARN_STRICT_PROTOTYPES = YES;
				CLANG_WARN_SUSPICIOUS_MOVE = YES;
				CLANG_WARN_UNGUARDED_AVAILABILITY = YES_AGGRESSIVE;
				CLANG_WARN_UNREACHABLE_CODE = YES;
				CLANG_WARN__DUPLICATE_METHOD_MATCH = YES;
				COPY_PHASE_STRIP = NO;
				DEBUG_INFORMATION_FORMAT = dwarf;
				ENABLE_STRICT_OBJC_MSGSEND = YES;
				ENABLE_TESTABILITY = YES;
				GCC_C_LANGUAGE_STANDARD = gnu11;
				GCC_DYNAMIC_NO_PIC = NO;
				GCC_NO_COMMON_BLOCKS = YES;
				GCC_OPTIMIZATION_LEVEL = 0;
				GCC_PREPROCESSOR_DEFINITIONS = (
					"DEBUG=1",
					"$(inherited)",
				);
				GCC_WARN_64_TO_32_BIT_CONVERSION = YES;
				GCC_WARN_ABOUT_RETURN_TYPE = YES_ERROR;
				GCC_WARN_UNDECLARED_SELECTOR = YES;
				GCC_WARN_UNINITIALIZED_AUTOS = YES_AGGRESSIVE;
				GCC_WARN_UNUSED_FUNCTION = YES;
				GCC_WARN_UNUSED_VARIABLE = YES;
				IPHONEOS_DEPLOYMENT_TARGET = 13.0;
				MTL_ENABLE_DEBUG_INFO = INCLUDE_SOURCE;
				MTL_FAST_MATH = YES;
				ONLY_ACTIVE_ARCH = YES;
				SDKROOT = iphoneos;
				SWIFT_ACTIVE_COMPILATION_CONDITIONS = DEBUG;
				SWIFT_OPTIMIZATION_LEVEL = "-Onone";
			};
			name = Debug;
		};
		290F75F722AD63E7007B74BD /* Release */ = {
			isa = XCBuildConfiguration;
			buildSettings = {
				ALWAYS_SEARCH_USER_PATHS = NO;
				CLANG_ANALYZER_NONNULL = YES;
				CLANG_ANALYZER_NUMBER_OBJECT_CONVERSION = YES_AGGRESSIVE;
				CLANG_CXX_LANGUAGE_STANDARD = "gnu++14";
				CLANG_CXX_LIBRARY = "libc++";
				CLANG_ENABLE_MODULES = YES;
				CLANG_ENABLE_OBJC_ARC = YES;
				CLANG_ENABLE_OBJC_WEAK = YES;
				CLANG_WARN_BLOCK_CAPTURE_AUTORELEASING = YES;
				CLANG_WARN_BOOL_CONVERSION = YES;
				CLANG_WARN_COMMA = YES;
				CLANG_WARN_CONSTANT_CONVERSION = YES;
				CLANG_WARN_DEPRECATED_OBJC_IMPLEMENTATIONS = YES;
				CLANG_WARN_DIRECT_OBJC_ISA_USAGE = YES_ERROR;
				CLANG_WARN_DOCUMENTATION_COMMENTS = YES;
				CLANG_WARN_EMPTY_BODY = YES;
				CLANG_WARN_ENUM_CONVERSION = YES;
				CLANG_WARN_INFINITE_RECURSION = YES;
				CLANG_WARN_INT_CONVERSION = YES;
				CLANG_WARN_NON_LITERAL_NULL_CONVERSION = YES;
				CLANG_WARN_OBJC_IMPLICIT_RETAIN_SELF = YES;
				CLANG_WARN_OBJC_LITERAL_CONVERSION = YES;
				CLANG_WARN_OBJC_ROOT_CLASS = YES_ERROR;
				CLANG_WARN_RANGE_LOOP_ANALYSIS = YES;
				CLANG_WARN_STRICT_PROTOTYPES = YES;
				CLANG_WARN_SUSPICIOUS_MOVE = YES;
				CLANG_WARN_UNGUARDED_AVAILABILITY = YES_AGGRESSIVE;
				CLANG_WARN_UNREACHABLE_CODE = YES;
				CLANG_WARN__DUPLICATE_METHOD_MATCH = YES;
				COPY_PHASE_STRIP = NO;
				DEBUG_INFORMATION_FORMAT = "dwarf-with-dsym";
				ENABLE_NS_ASSERTIONS = NO;
				ENABLE_STRICT_OBJC_MSGSEND = YES;
				GCC_C_LANGUAGE_STANDARD = gnu11;
				GCC_NO_COMMON_BLOCKS = YES;
				GCC_WARN_64_TO_32_BIT_CONVERSION = YES;
				GCC_WARN_ABOUT_RETURN_TYPE = YES_ERROR;
				GCC_WARN_UNDECLARED_SELECTOR = YES;
				GCC_WARN_UNINITIALIZED_AUTOS = YES_AGGRESSIVE;
				GCC_WARN_UNUSED_FUNCTION = YES;
				GCC_WARN_UNUSED_VARIABLE = YES;
				IPHONEOS_DEPLOYMENT_TARGET = 13.0;
				MTL_ENABLE_DEBUG_INFO = NO;
				MTL_FAST_MATH = YES;
				SDKROOT = iphoneos;
				SWIFT_COMPILATION_MODE = wholemodule;
				SWIFT_OPTIMIZATION_LEVEL = "-O";
				VALIDATE_PRODUCT = YES;
			};
			name = Release;
		};
		290F75F922AD63E7007B74BD /* Debug */ = {
			isa = XCBuildConfiguration;
			buildSettings = {
				ASSETCATALOG_COMPILER_APPICON_NAME = AppIcon;
				CODE_SIGN_ENTITLEMENTS = BrickLinkApp2/BrickLinkApp2.entitlements;
				CODE_SIGN_STYLE = Automatic;
				DERIVE_UIKITFORMAC_PRODUCT_BUNDLE_IDENTIFIER = YES;
				DEVELOPMENT_ASSET_PATHS = "BrickLinkApp2/Preview\\ Content";
				DEVELOPMENT_TEAM = 2N6DR3R99K;
				ENABLE_PREVIEWS = YES;
				INFOPLIST_FILE = BrickLinkApp2/Info.plist;
				LD_RUNPATH_SEARCH_PATHS = (
					"$(inherited)",
					"@executable_path/Frameworks",
				);
				PRODUCT_BUNDLE_IDENTIFIER = io.bintz.BrickLinkApp2;
				PRODUCT_NAME = "$(TARGET_NAME)";
				SUPPORTS_UIKITFORMAC = YES;
				SWIFT_VERSION = 5.0;
				TARGETED_DEVICE_FAMILY = "1,2";
			};
			name = Debug;
		};
		290F75FA22AD63E7007B74BD /* Release */ = {
			isa = XCBuildConfiguration;
			buildSettings = {
				ASSETCATALOG_COMPILER_APPICON_NAME = AppIcon;
				CODE_SIGN_ENTITLEMENTS = BrickLinkApp2/BrickLinkApp2.entitlements;
				CODE_SIGN_STYLE = Automatic;
				DERIVE_UIKITFORMAC_PRODUCT_BUNDLE_IDENTIFIER = YES;
				DEVELOPMENT_ASSET_PATHS = "BrickLinkApp2/Preview\\ Content";
				DEVELOPMENT_TEAM = 2N6DR3R99K;
				ENABLE_PREVIEWS = YES;
				INFOPLIST_FILE = BrickLinkApp2/Info.plist;
				LD_RUNPATH_SEARCH_PATHS = (
					"$(inherited)",
					"@executable_path/Frameworks",
				);
				PRODUCT_BUNDLE_IDENTIFIER = io.bintz.BrickLinkApp2;
				PRODUCT_NAME = "$(TARGET_NAME)";
				SUPPORTS_UIKITFORMAC = YES;
				SWIFT_VERSION = 5.0;
				TARGETED_DEVICE_FAMILY = "1,2";
			};
			name = Release;
		};
/* End XCBuildConfiguration section */

/* Begin XCConfigurationList section */
		290F75DF22AD63E3007B74BD /* Build configuration list for PBXProject "BrickLinkApp2" */ = {
			isa = XCConfigurationList;
			buildConfigurations = (
				290F75F622AD63E7007B74BD /* Debug */,
				290F75F722AD63E7007B74BD /* Release */,
			);
			defaultConfigurationIsVisible = 0;
			defaultConfigurationName = Release;
		};
		290F75F822AD63E7007B74BD /* Build configuration list for PBXNativeTarget "BrickLinkApp2" */ = {
			isa = XCConfigurationList;
			buildConfigurations = (
				290F75F922AD63E7007B74BD /* Debug */,
				290F75FA22AD63E7007B74BD /* Release */,
			);
			defaultConfigurationIsVisible = 0;
			defaultConfigurationName = Release;
		};
/* End XCConfigurationList section */

/* Begin XCRemoteSwiftPackageReference section */
		290F75FB22AD66CF007B74BD /* XCRemoteSwiftPackageReference "CryptoSwift" */ = {
			isa = XCRemoteSwiftPackageReference;
			repositoryURL = "https://github.com/krzyzanowskim/CryptoSwift";
			requirement = {
				kind = upToNextMajorVersion;
				minimumVersion = 1.0.0;
			};
		};
/* End XCRemoteSwiftPackageReference section */

/* Begin XCSwiftPackageProductDependency section */
		290F75FC22AD66CF007B74BD /* CryptoSwift */ = {
			isa = XCSwiftPackageProductDependency;
			package = 290F75FB22AD66CF007B74BD /* XCRemoteSwiftPackageReference "CryptoSwift" */;
			productName = CryptoSwift;
		};
/* End XCSwiftPackageProductDependency section */
	};
	rootObject = 290F75DC22AD63E3007B74BD /* Project object */;
}
